// !$*UTF8*$!
{
	archiveVersion = 1;
	classes = {
	};
	objectVersion = 55;
	objects = {

/* Begin PBXBuildFile section */
		8463EE2A27344D7D00E789B6 /* AppDelegate.swift in Sources */ = {isa = PBXBuildFile; fileRef = 8463EE2927344D7D00E789B6 /* AppDelegate.swift */; };
		8463EE2C27344D7D00E789B6 /* SceneDelegate.swift in Sources */ = {isa = PBXBuildFile; fileRef = 8463EE2B27344D7D00E789B6 /* SceneDelegate.swift */; };
		8463EE3127344D7D00E789B6 /* Main.storyboard in Resources */ = {isa = PBXBuildFile; fileRef = 8463EE2F27344D7D00E789B6 /* Main.storyboard */; };
		8463EE3327344D8100E789B6 /* Assets.xcassets in Resources */ = {isa = PBXBuildFile; fileRef = 8463EE3227344D8100E789B6 /* Assets.xcassets */; };
		8463EE3627344D8100E789B6 /* LaunchScreen.storyboard in Resources */ = {isa = PBXBuildFile; fileRef = 8463EE3427344D8100E789B6 /* LaunchScreen.storyboard */; };
		8463EE4127344D8200E789B6 /* chore_appTests.swift in Sources */ = {isa = PBXBuildFile; fileRef = 8463EE4027344D8200E789B6 /* chore_appTests.swift */; };
		8463EE4B27344D8200E789B6 /* chore_appUITests.swift in Sources */ = {isa = PBXBuildFile; fileRef = 8463EE4A27344D8200E789B6 /* chore_appUITests.swift */; };
		8463EE4D27344D8200E789B6 /* chore_appUITestsLaunchTests.swift in Sources */ = {isa = PBXBuildFile; fileRef = 8463EE4C27344D8200E789B6 /* chore_appUITestsLaunchTests.swift */; };
		8463EE5A27344EF900E789B6 /* ItemsViewController.swift in Sources */ = {isa = PBXBuildFile; fileRef = 8463EE5927344EF900E789B6 /* ItemsViewController.swift */; };
		8463EE5C2734546200E789B6 /* Chore.swift in Sources */ = {isa = PBXBuildFile; fileRef = 8463EE5B2734546200E789B6 /* Chore.swift */; };
		C9999A85273712610016448F /* ChoreStore.swift in Sources */ = {isa = PBXBuildFile; fileRef = C9999A84273712610016448F /* ChoreStore.swift */; };
		C9999A8927371D9C0016448F /* ChoreCell.swift in Sources */ = {isa = PBXBuildFile; fileRef = C9999A8827371D9C0016448F /* ChoreCell.swift */; };
		C9E2619E27389B1C0047BDEF /* DetailViewController.swift in Sources */ = {isa = PBXBuildFile; fileRef = C9E2619D27389B1C0047BDEF /* DetailViewController.swift */; };
/* End PBXBuildFile section */

/* Begin PBXContainerItemProxy section */
		8463EE3D27344D8200E789B6 /* PBXContainerItemProxy */ = {
			isa = PBXContainerItemProxy;
			containerPortal = 8463EE1E27344D7D00E789B6 /* Project object */;
			proxyType = 1;
			remoteGlobalIDString = 8463EE2527344D7D00E789B6;
			remoteInfo = "chore-app";
		};
		8463EE4727344D8200E789B6 /* PBXContainerItemProxy */ = {
			isa = PBXContainerItemProxy;
			containerPortal = 8463EE1E27344D7D00E789B6 /* Project object */;
			proxyType = 1;
			remoteGlobalIDString = 8463EE2527344D7D00E789B6;
			remoteInfo = "chore-app";
		};
/* End PBXContainerItemProxy section */

/* Begin PBXFileReference section */
		8463EE2627344D7D00E789B6 /* chore-app.app */ = {isa = PBXFileReference; explicitFileType = wrapper.application; includeInIndex = 0; path = "chore-app.app"; sourceTree = BUILT_PRODUCTS_DIR; };
		8463EE2927344D7D00E789B6 /* AppDelegate.swift */ = {isa = PBXFileReference; lastKnownFileType = sourcecode.swift; path = AppDelegate.swift; sourceTree = "<group>"; };
		8463EE2B27344D7D00E789B6 /* SceneDelegate.swift */ = {isa = PBXFileReference; lastKnownFileType = sourcecode.swift; path = SceneDelegate.swift; sourceTree = "<group>"; };
		8463EE3027344D7D00E789B6 /* Base */ = {isa = PBXFileReference; lastKnownFileType = file.storyboard; name = Base; path = Base.lproj/Main.storyboard; sourceTree = "<group>"; };
		8463EE3227344D8100E789B6 /* Assets.xcassets */ = {isa = PBXFileReference; lastKnownFileType = folder.assetcatalog; path = Assets.xcassets; sourceTree = "<group>"; };
		8463EE3527344D8100E789B6 /* Base */ = {isa = PBXFileReference; lastKnownFileType = file.storyboard; name = Base; path = Base.lproj/LaunchScreen.storyboard; sourceTree = "<group>"; };
		8463EE3727344D8100E789B6 /* Info.plist */ = {isa = PBXFileReference; lastKnownFileType = text.plist.xml; path = Info.plist; sourceTree = "<group>"; };
		8463EE3C27344D8200E789B6 /* chore-appTests.xctest */ = {isa = PBXFileReference; explicitFileType = wrapper.cfbundle; includeInIndex = 0; path = "chore-appTests.xctest"; sourceTree = BUILT_PRODUCTS_DIR; };
		8463EE4027344D8200E789B6 /* chore_appTests.swift */ = {isa = PBXFileReference; lastKnownFileType = sourcecode.swift; path = chore_appTests.swift; sourceTree = "<group>"; };
		8463EE4627344D8200E789B6 /* chore-appUITests.xctest */ = {isa = PBXFileReference; explicitFileType = wrapper.cfbundle; includeInIndex = 0; path = "chore-appUITests.xctest"; sourceTree = BUILT_PRODUCTS_DIR; };
		8463EE4A27344D8200E789B6 /* chore_appUITests.swift */ = {isa = PBXFileReference; lastKnownFileType = sourcecode.swift; path = chore_appUITests.swift; sourceTree = "<group>"; };
		8463EE4C27344D8200E789B6 /* chore_appUITestsLaunchTests.swift */ = {isa = PBXFileReference; lastKnownFileType = sourcecode.swift; path = chore_appUITestsLaunchTests.swift; sourceTree = "<group>"; };
		8463EE5927344EF900E789B6 /* ItemsViewController.swift */ = {isa = PBXFileReference; lastKnownFileType = sourcecode.swift; path = ItemsViewController.swift; sourceTree = "<group>"; };
		8463EE5B2734546200E789B6 /* Chore.swift */ = {isa = PBXFileReference; lastKnownFileType = sourcecode.swift; path = Chore.swift; sourceTree = "<group>"; };
		C9999A84273712610016448F /* ChoreStore.swift */ = {isa = PBXFileReference; lastKnownFileType = sourcecode.swift; path = ChoreStore.swift; sourceTree = "<group>"; };
		C9999A8827371D9C0016448F /* ChoreCell.swift */ = {isa = PBXFileReference; lastKnownFileType = sourcecode.swift; path = ChoreCell.swift; sourceTree = "<group>"; };
		C9E2619D27389B1C0047BDEF /* DetailViewController.swift */ = {isa = PBXFileReference; lastKnownFileType = sourcecode.swift; path = DetailViewController.swift; sourceTree = "<group>"; };
/* End PBXFileReference section */

/* Begin PBXFrameworksBuildPhase section */
		8463EE2327344D7D00E789B6 /* Frameworks */ = {
			isa = PBXFrameworksBuildPhase;
			buildActionMask = 2147483647;
			files = (
			);
			runOnlyForDeploymentPostprocessing = 0;
		};
		8463EE3927344D8200E789B6 /* Frameworks */ = {
			isa = PBXFrameworksBuildPhase;
			buildActionMask = 2147483647;
			files = (
			);
			runOnlyForDeploymentPostprocessing = 0;
		};
		8463EE4327344D8200E789B6 /* Frameworks */ = {
			isa = PBXFrameworksBuildPhase;
			buildActionMask = 2147483647;
			files = (
			);
			runOnlyForDeploymentPostprocessing = 0;
		};
/* End PBXFrameworksBuildPhase section */

/* Begin PBXGroup section */
		8463EE1D27344D7D00E789B6 = {
			isa = PBXGroup;
			children = (
				8463EE2827344D7D00E789B6 /* chore-app */,
				8463EE3F27344D8200E789B6 /* chore-appTests */,
				8463EE4927344D8200E789B6 /* chore-appUITests */,
				8463EE2727344D7D00E789B6 /* Products */,
			);
			sourceTree = "<group>";
		};
		8463EE2727344D7D00E789B6 /* Products */ = {
			isa = PBXGroup;
			children = (
				8463EE2627344D7D00E789B6 /* chore-app.app */,
				8463EE3C27344D8200E789B6 /* chore-appTests.xctest */,
				8463EE4627344D8200E789B6 /* chore-appUITests.xctest */,
			);
			name = Products;
			sourceTree = "<group>";
		};
		8463EE2827344D7D00E789B6 /* chore-app */ = {
			isa = PBXGroup;
			children = (
				8463EE2927344D7D00E789B6 /* AppDelegate.swift */,
				8463EE2B27344D7D00E789B6 /* SceneDelegate.swift */,
				8463EE2F27344D7D00E789B6 /* Main.storyboard */,
				8463EE3227344D8100E789B6 /* Assets.xcassets */,
				8463EE3427344D8100E789B6 /* LaunchScreen.storyboard */,
				8463EE3727344D8100E789B6 /* Info.plist */,
				8463EE5927344EF900E789B6 /* ItemsViewController.swift */,
				C9999A8827371D9C0016448F /* ChoreCell.swift */,
				8463EE5B2734546200E789B6 /* Chore.swift */,
				C9999A84273712610016448F /* ChoreStore.swift */,
				C9E2619D27389B1C0047BDEF /* DetailViewController.swift */,
			);
			path = "chore-app";
			sourceTree = "<group>";
		};
		8463EE3F27344D8200E789B6 /* chore-appTests */ = {
			isa = PBXGroup;
			children = (
				8463EE4027344D8200E789B6 /* chore_appTests.swift */,
			);
			path = "chore-appTests";
			sourceTree = "<group>";
		};
		8463EE4927344D8200E789B6 /* chore-appUITests */ = {
			isa = PBXGroup;
			children = (
				8463EE4A27344D8200E789B6 /* chore_appUITests.swift */,
				8463EE4C27344D8200E789B6 /* chore_appUITestsLaunchTests.swift */,
			);
			path = "chore-appUITests";
			sourceTree = "<group>";
		};
/* End PBXGroup section */

/* Begin PBXNativeTarget section */
		8463EE2527344D7D00E789B6 /* chore-app */ = {
			isa = PBXNativeTarget;
			buildConfigurationList = 8463EE5027344D8200E789B6 /* Build configuration list for PBXNativeTarget "chore-app" */;
			buildPhases = (
				8463EE2227344D7D00E789B6 /* Sources */,
				8463EE2327344D7D00E789B6 /* Frameworks */,
				8463EE2427344D7D00E789B6 /* Resources */,
			);
			buildRules = (
			);
			dependencies = (
			);
			name = "chore-app";
			productName = "chore-app";
			productReference = 8463EE2627344D7D00E789B6 /* chore-app.app */;
			productType = "com.apple.product-type.application";
		};
		8463EE3B27344D8200E789B6 /* chore-appTests */ = {
			isa = PBXNativeTarget;
			buildConfigurationList = 8463EE5327344D8200E789B6 /* Build configuration list for PBXNativeTarget "chore-appTests" */;
			buildPhases = (
				8463EE3827344D8200E789B6 /* Sources */,
				8463EE3927344D8200E789B6 /* Frameworks */,
				8463EE3A27344D8200E789B6 /* Resources */,
			);
			buildRules = (
			);
			dependencies = (
				8463EE3E27344D8200E789B6 /* PBXTargetDependency */,
			);
			name = "chore-appTests";
			productName = "chore-appTests";
			productReference = 8463EE3C27344D8200E789B6 /* chore-appTests.xctest */;
			productType = "com.apple.product-type.bundle.unit-test";
		};
		8463EE4527344D8200E789B6 /* chore-appUITests */ = {
			isa = PBXNativeTarget;
			buildConfigurationList = 8463EE5627344D8200E789B6 /* Build configuration list for PBXNativeTarget "chore-appUITests" */;
			buildPhases = (
				8463EE4227344D8200E789B6 /* Sources */,
				8463EE4327344D8200E789B6 /* Frameworks */,
				8463EE4427344D8200E789B6 /* Resources */,
			);
			buildRules = (
			);
			dependencies = (
				8463EE4827344D8200E789B6 /* PBXTargetDependency */,
			);
			name = "chore-appUITests";
			productName = "chore-appUITests";
			productReference = 8463EE4627344D8200E789B6 /* chore-appUITests.xctest */;
			productType = "com.apple.product-type.bundle.ui-testing";
		};
/* End PBXNativeTarget section */

/* Begin PBXProject section */
		8463EE1E27344D7D00E789B6 /* Project object */ = {
			isa = PBXProject;
			attributes = {
				BuildIndependentTargetsInParallel = 1;
				LastSwiftUpdateCheck = 1300;
				LastUpgradeCheck = 1300;
				TargetAttributes = {
					8463EE2527344D7D00E789B6 = {
						CreatedOnToolsVersion = 13.0;
					};
					8463EE3B27344D8200E789B6 = {
						CreatedOnToolsVersion = 13.0;
						TestTargetID = 8463EE2527344D7D00E789B6;
					};
					8463EE4527344D8200E789B6 = {
						CreatedOnToolsVersion = 13.0;
						TestTargetID = 8463EE2527344D7D00E789B6;
					};
				};
			};
			buildConfigurationList = 8463EE2127344D7D00E789B6 /* Build configuration list for PBXProject "chore-app" */;
			compatibilityVersion = "Xcode 13.0";
			developmentRegion = en;
			hasScannedForEncodings = 0;
			knownRegions = (
				en,
				Base,
			);
			mainGroup = 8463EE1D27344D7D00E789B6;
			productRefGroup = 8463EE2727344D7D00E789B6 /* Products */;
			projectDirPath = "";
			projectRoot = "";
			targets = (
				8463EE2527344D7D00E789B6 /* chore-app */,
				8463EE3B27344D8200E789B6 /* chore-appTests */,
				8463EE4527344D8200E789B6 /* chore-appUITests */,
			);
		};
/* End PBXProject section */

/* Begin PBXResourcesBuildPhase section */
		8463EE2427344D7D00E789B6 /* Resources */ = {
			isa = PBXResourcesBuildPhase;
			buildActionMask = 2147483647;
			files = (
				8463EE3627344D8100E789B6 /* LaunchScreen.storyboard in Resources */,
				8463EE3327344D8100E789B6 /* Assets.xcassets in Resources */,
				8463EE3127344D7D00E789B6 /* Main.storyboard in Resources */,
			);
			runOnlyForDeploymentPostprocessing = 0;
		};
		8463EE3A27344D8200E789B6 /* Resources */ = {
			isa = PBXResourcesBuildPhase;
			buildActionMask = 2147483647;
			files = (
			);
			runOnlyForDeploymentPostprocessing = 0;
		};
		8463EE4427344D8200E789B6 /* Resources */ = {
			isa = PBXResourcesBuildPhase;
			buildActionMask = 2147483647;
			files = (
			);
			runOnlyForDeploymentPostprocessing = 0;
		};
/* End PBXResourcesBuildPhase section */

/* Begin PBXSourcesBuildPhase section */
		8463EE2227344D7D00E789B6 /* Sources */ = {
			isa = PBXSourcesBuildPhase;
			buildActionMask = 2147483647;
			files = (
				C9999A8927371D9C0016448F /* ChoreCell.swift in Sources */,
				8463EE5A27344EF900E789B6 /* ItemsViewController.swift in Sources */,
				C9999A85273712610016448F /* ChoreStore.swift in Sources */,
				8463EE5C2734546200E789B6 /* Chore.swift in Sources */,
				8463EE2A27344D7D00E789B6 /* AppDelegate.swift in Sources */,
				8463EE2C27344D7D00E789B6 /* SceneDelegate.swift in Sources */,
				C9E2619E27389B1C0047BDEF /* DetailViewController.swift in Sources */,
			);
			runOnlyForDeploymentPostprocessing = 0;
		};
		8463EE3827344D8200E789B6 /* Sources */ = {
			isa = PBXSourcesBuildPhase;
			buildActionMask = 2147483647;
			files = (
				8463EE4127344D8200E789B6 /* chore_appTests.swift in Sources */,
			);
			runOnlyForDeploymentPostprocessing = 0;
		};
		8463EE4227344D8200E789B6 /* Sources */ = {
			isa = PBXSourcesBuildPhase;
			buildActionMask = 2147483647;
			files = (
				8463EE4D27344D8200E789B6 /* chore_appUITestsLaunchTests.swift in Sources */,
				8463EE4B27344D8200E789B6 /* chore_appUITests.swift in Sources */,
			);
			runOnlyForDeploymentPostprocessing = 0;
		};
/* End PBXSourcesBuildPhase section */

/* Begin PBXTargetDependency section */
		8463EE3E27344D8200E789B6 /* PBXTargetDependency */ = {
			isa = PBXTargetDependency;
			target = 8463EE2527344D7D00E789B6 /* chore-app */;
			targetProxy = 8463EE3D27344D8200E789B6 /* PBXContainerItemProxy */;
		};
		8463EE4827344D8200E789B6 /* PBXTargetDependency */ = {
			isa = PBXTargetDependency;
			target = 8463EE2527344D7D00E789B6 /* chore-app */;
			targetProxy = 8463EE4727344D8200E789B6 /* PBXContainerItemProxy */;
		};
/* End PBXTargetDependency section */

/* Begin PBXVariantGroup section */
		8463EE2F27344D7D00E789B6 /* Main.storyboard */ = {
			isa = PBXVariantGroup;
			children = (
				8463EE3027344D7D00E789B6 /* Base */,
			);
			name = Main.storyboard;
			sourceTree = "<group>";
		};
		8463EE3427344D8100E789B6 /* LaunchScreen.storyboard */ = {
			isa = PBXVariantGroup;
			children = (
				8463EE3527344D8100E789B6 /* Base */,
			);
			name = LaunchScreen.storyboard;
			sourceTree = "<group>";
		};
/* End PBXVariantGroup section */

/* Begin XCBuildConfiguration section */
		8463EE4E27344D8200E789B6 /* Debug */ = {
			isa = XCBuildConfiguration;
			buildSettings = {
				ALWAYS_SEARCH_USER_PATHS = NO;
				CLANG_ANALYZER_NONNULL = YES;
				CLANG_ANALYZER_NUMBER_OBJECT_CONVERSION = YES_AGGRESSIVE;
				CLANG_CXX_LANGUAGE_STANDARD = "gnu++17";
				CLANG_CXX_LIBRARY = "libc++";
				CLANG_ENABLE_MODULES = YES;
				CLANG_ENABLE_OBJC_ARC = YES;
				CLANG_ENABLE_OBJC_WEAK = YES;
				CLANG_WARN_BLOCK_CAPTURE_AUTORELEASING = YES;
				CLANG_WARN_BOOL_CONVERSION = YES;
				CLANG_WARN_COMMA = YES;
				CLANG_WARN_CONSTANT_CONVERSION = YES;
				CLANG_WARN_DEPRECATED_OBJC_IMPLEMENTATIONS = YES;
				CLANG_WARN_DIRECT_OBJC_ISA_USAGE = YES_ERROR;
				CLANG_WARN_DOCUMENTATION_COMMENTS = YES;
				CLANG_WARN_EMPTY_BODY = YES;
				CLANG_WARN_ENUM_CONVERSION = YES;
				CLANG_WARN_INFINITE_RECURSION = YES;
				CLANG_WARN_INT_CONVERSION = YES;
				CLANG_WARN_NON_LITERAL_NULL_CONVERSION = YES;
				CLANG_WARN_OBJC_IMPLICIT_RETAIN_SELF = YES;
				CLANG_WARN_OBJC_LITERAL_CONVERSION = YES;
				CLANG_WARN_OBJC_ROOT_CLASS = YES_ERROR;
				CLANG_WARN_QUOTED_INCLUDE_IN_FRAMEWORK_HEADER = YES;
				CLANG_WARN_RANGE_LOOP_ANALYSIS = YES;
				CLANG_WARN_STRICT_PROTOTYPES = YES;
				CLANG_WARN_SUSPICIOUS_MOVE = YES;
				CLANG_WARN_UNGUARDED_AVAILABILITY = YES_AGGRESSIVE;
				CLANG_WARN_UNREACHABLE_CODE = YES;
				CLANG_WARN__DUPLICATE_METHOD_MATCH = YES;
				COPY_PHASE_STRIP = NO;
				DEBUG_INFORMATION_FORMAT = dwarf;
				ENABLE_STRICT_OBJC_MSGSEND = YES;
				ENABLE_TESTABILITY = YES;
				GCC_C_LANGUAGE_STANDARD = gnu11;
				GCC_DYNAMIC_NO_PIC = NO;
				GCC_NO_COMMON_BLOCKS = YES;
				GCC_OPTIMIZATION_LEVEL = 0;
				GCC_PREPROCESSOR_DEFINITIONS = (
					"DEBUG=1",
					"$(inherited)",
				);
				GCC_WARN_64_TO_32_BIT_CONVERSION = YES;
				GCC_WARN_ABOUT_RETURN_TYPE = YES_ERROR;
				GCC_WARN_UNDECLARED_SELECTOR = YES;
				GCC_WARN_UNINITIALIZED_AUTOS = YES_AGGRESSIVE;
				GCC_WARN_UNUSED_FUNCTION = YES;
				GCC_WARN_UNUSED_VARIABLE = YES;
				IPHONEOS_DEPLOYMENT_TARGET = 15.0;
				MTL_ENABLE_DEBUG_INFO = INCLUDE_SOURCE;
				MTL_FAST_MATH = YES;
				ONLY_ACTIVE_ARCH = YES;
				SDKROOT = iphoneos;
				SWIFT_ACTIVE_COMPILATION_CONDITIONS = DEBUG;
				SWIFT_OPTIMIZATION_LEVEL = "-Onone";
			};
			name = Debug;
		};
		8463EE4F27344D8200E789B6 /* Release */ = {
			isa = XCBuildConfiguration;
			buildSettings = {
				ALWAYS_SEARCH_USER_PATHS = NO;
				CLANG_ANALYZER_NONNULL = YES;
				CLANG_ANALYZER_NUMBER_OBJECT_CONVERSION = YES_AGGRESSIVE;
				CLANG_CXX_LANGUAGE_STANDARD = "gnu++17";
				CLANG_CXX_LIBRARY = "libc++";
				CLANG_ENABLE_MODULES = YES;
				CLANG_ENABLE_OBJC_ARC = YES;
				CLANG_ENABLE_OBJC_WEAK = YES;
				CLANG_WARN_BLOCK_CAPTURE_AUTORELEASING = YES;
				CLANG_WARN_BOOL_CONVERSION = YES;
				CLANG_WARN_COMMA = YES;
				CLANG_WARN_CONSTANT_CONVERSION = YES;
				CLANG_WARN_DEPRECATED_OBJC_IMPLEMENTATIONS = YES;
				CLANG_WARN_DIRECT_OBJC_ISA_USAGE = YES_ERROR;
				CLANG_WARN_DOCUMENTATION_COMMENTS = YES;
				CLANG_WARN_EMPTY_BODY = YES;
				CLANG_WARN_ENUM_CONVERSION = YES;
				CLANG_WARN_INFINITE_RECURSION = YES;
				CLANG_WARN_INT_CONVERSION = YES;
				CLANG_WARN_NON_LITERAL_NULL_CONVERSION = YES;
				CLANG_WARN_OBJC_IMPLICIT_RETAIN_SELF = YES;
				CLANG_WARN_OBJC_LITERAL_CONVERSION = YES;
				CLANG_WARN_OBJC_ROOT_CLASS = YES_ERROR;
				CLANG_WARN_QUOTED_INCLUDE_IN_FRAMEWORK_HEADER = YES;
				CLANG_WARN_RANGE_LOOP_ANALYSIS = YES;
				CLANG_WARN_STRICT_PROTOTYPES = YES;
				CLANG_WARN_SUSPICIOUS_MOVE = YES;
				CLANG_WARN_UNGUARDED_AVAILABILITY = YES_AGGRESSIVE;
				CLANG_WARN_UNREACHABLE_CODE = YES;
				CLANG_WARN__DUPLICATE_METHOD_MATCH = YES;
				COPY_PHASE_STRIP = NO;
				DEBUG_INFORMATION_FORMAT = "dwarf-with-dsym";
				ENABLE_NS_ASSERTIONS = NO;
				ENABLE_STRICT_OBJC_MSGSEND = YES;
				GCC_C_LANGUAGE_STANDARD = gnu11;
				GCC_NO_COMMON_BLOCKS = YES;
				GCC_WARN_64_TO_32_BIT_CONVERSION = YES;
				GCC_WARN_ABOUT_RETURN_TYPE = YES_ERROR;
				GCC_WARN_UNDECLARED_SELECTOR = YES;
				GCC_WARN_UNINITIALIZED_AUTOS = YES_AGGRESSIVE;
				GCC_WARN_UNUSED_FUNCTION = YES;
				GCC_WARN_UNUSED_VARIABLE = YES;
				IPHONEOS_DEPLOYMENT_TARGET = 15.0;
				MTL_ENABLE_DEBUG_INFO = NO;
				MTL_FAST_MATH = YES;
				SDKROOT = iphoneos;
				SWIFT_COMPILATION_MODE = wholemodule;
				SWIFT_OPTIMIZATION_LEVEL = "-O";
				VALIDATE_PRODUCT = YES;
			};
			name = Release;
		};
		8463EE5127344D8200E789B6 /* Debug */ = {
			isa = XCBuildConfiguration;
			buildSettings = {
				ASSETCATALOG_COMPILER_APPICON_NAME = AppIcon;
				ASSETCATALOG_COMPILER_GLOBAL_ACCENT_COLOR_NAME = AccentColor;
				CODE_SIGN_STYLE = Automatic;
				CURRENT_PROJECT_VERSION = 1;
				DEVELOPMENT_TEAM = UQ7P3YR9GT;
				GENERATE_INFOPLIST_FILE = YES;
				INFOPLIST_FILE = "chore-app/Info.plist";
				INFOPLIST_KEY_CFBundleDisplayName = "chore-app";
				INFOPLIST_KEY_UIApplicationSupportsIndirectInputEvents = YES;
				INFOPLIST_KEY_UILaunchStoryboardName = LaunchScreen;
				INFOPLIST_KEY_UIMainStoryboardFile = Main;
				INFOPLIST_KEY_UISupportedInterfaceOrientations_iPad = "UIInterfaceOrientationPortrait UIInterfaceOrientationPortraitUpsideDown UIInterfaceOrientationLandscapeLeft UIInterfaceOrientationLandscapeRight";
				INFOPLIST_KEY_UISupportedInterfaceOrientations_iPhone = "UIInterfaceOrientationPortrait UIInterfaceOrientationLandscapeLeft UIInterfaceOrientationLandscapeRight";
				LD_RUNPATH_SEARCH_PATHS = (
					"$(inherited)",
					"@executable_path/Frameworks",
				);
				MARKETING_VERSION = 1.0;
				PRODUCT_BUNDLE_IDENTIFIER = "edu.uvm.chore-app";
				PRODUCT_NAME = "$(TARGET_NAME)";
				SWIFT_EMIT_LOC_STRINGS = YES;
				SWIFT_VERSION = 5.0;
				TARGETED_DEVICE_FAMILY = "1,2";
			};
			name = Debug;
		};
		8463EE5227344D8200E789B6 /* Release */ = {
			isa = XCBuildConfiguration;
			buildSettings = {
				ASSETCATALOG_COMPILER_APPICON_NAME = AppIcon;
				ASSETCATALOG_COMPILER_GLOBAL_ACCENT_COLOR_NAME = AccentColor;
				CODE_SIGN_STYLE = Automatic;
				CURRENT_PROJECT_VERSION = 1;
				DEVELOPMENT_TEAM = UQ7P3YR9GT;
				GENERATE_INFOPLIST_FILE = YES;
				INFOPLIST_FILE = "chore-app/Info.plist";
				INFOPLIST_KEY_CFBundleDisplayName = "chore-app";
				INFOPLIST_KEY_UIApplicationSupportsIndirectInputEvents = YES;
				INFOPLIST_KEY_UILaunchStoryboardName = LaunchScreen;
				INFOPLIST_KEY_UIMainStoryboardFile = Main;
				INFOPLIST_KEY_UISupportedInterfaceOrientations_iPad = "UIInterfaceOrientationPortrait UIInterfaceOrientationPortraitUpsideDown UIInterfaceOrientationLandscapeLeft UIInterfaceOrientationLandscapeRight";
				INFOPLIST_KEY_UISupportedInterfaceOrientations_iPhone = "UIInterfaceOrientationPortrait UIInterfaceOrientationLandscapeLeft UIInterfaceOrientationLandscapeRight";
				LD_RUNPATH_SEARCH_PATHS = (
					"$(inherited)",
					"@executable_path/Frameworks",
				);
				MARKETING_VERSION = 1.0;
				PRODUCT_BUNDLE_IDENTIFIER = "edu.uvm.chore-app";
				PRODUCT_NAME = "$(TARGET_NAME)";
				SWIFT_EMIT_LOC_STRINGS = YES;
				SWIFT_VERSION = 5.0;
				TARGETED_DEVICE_FAMILY = "1,2";
			};
			name = Release;
		};
		8463EE5427344D8200E789B6 /* Debug */ = {
			isa = XCBuildConfiguration;
			buildSettings = {
				ALWAYS_EMBED_SWIFT_STANDARD_LIBRARIES = YES;
				BUNDLE_LOADER = "$(TEST_HOST)";
				CODE_SIGN_STYLE = Automatic;
				CURRENT_PROJECT_VERSION = 1;
				GENERATE_INFOPLIST_FILE = YES;
				IPHONEOS_DEPLOYMENT_TARGET = 15.0;
				LD_RUNPATH_SEARCH_PATHS = (
					"$(inherited)",
					"@executable_path/Frameworks",
					"@loader_path/Frameworks",
				);
				MARKETING_VERSION = 1.0;
				PRODUCT_BUNDLE_IDENTIFIER = "edu.uvm.chore-appTests";
				PRODUCT_NAME = "$(TARGET_NAME)";
				SWIFT_EMIT_LOC_STRINGS = NO;
				SWIFT_VERSION = 5.0;
				TARGETED_DEVICE_FAMILY = "1,2";
				TEST_HOST = "$(BUILT_PRODUCTS_DIR)/chore-app.app/chore-app";
			};
			name = Debug;
		};
		8463EE5527344D8200E789B6 /* Release */ = {
			isa = XCBuildConfiguration;
			buildSettings = {
				ALWAYS_EMBED_SWIFT_STANDARD_LIBRARIES = YES;
				BUNDLE_LOADER = "$(TEST_HOST)";
				CODE_SIGN_STYLE = Automatic;
				CURRENT_PROJECT_VERSION = 1;
				GENERATE_INFOPLIST_FILE = YES;
				IPHONEOS_DEPLOYMENT_TARGET = 15.0;
				LD_RUNPATH_SEARCH_PATHS = (
					"$(inherited)",
					"@executable_path/Frameworks",
					"@loader_path/Frameworks",
				);
				MARKETING_VERSION = 1.0;
				PRODUCT_BUNDLE_IDENTIFIER = "edu.uvm.chore-appTests";
				PRODUCT_NAME = "$(TARGET_NAME)";
				SWIFT_EMIT_LOC_STRINGS = NO;
				SWIFT_VERSION = 5.0;
				TARGETED_DEVICE_FAMILY = "1,2";
				TEST_HOST = "$(BUILT_PRODUCTS_DIR)/chore-app.app/chore-app";
			};
			name = Release;
		};
		8463EE5727344D8200E789B6 /* Debug */ = {
			isa = XCBuildConfiguration;
			buildSettings = {
				ALWAYS_EMBED_SWIFT_STANDARD_LIBRARIES = YES;
				CODE_SIGN_STYLE = Automatic;
				CURRENT_PROJECT_VERSION = 1;
				GENERATE_INFOPLIST_FILE = YES;
				LD_RUNPATH_SEARCH_PATHS = (
					"$(inherited)",
					"@executable_path/Frameworks",
					"@loader_path/Frameworks",
				);
				MARKETING_VERSION = 1.0;
				PRODUCT_BUNDLE_IDENTIFIER = "edu.uvm.chore-appUITests";
				PRODUCT_NAME = "$(TARGET_NAME)";
				SWIFT_EMIT_LOC_STRINGS = NO;
				SWIFT_VERSION = 5.0;
				TARGETED_DEVICE_FAMILY = "1,2";
				TEST_TARGET_NAME = "chore-app";
			};
			name = Debug;
		};
		8463EE5827344D8200E789B6 /* Release */ = {
			isa = XCBuildConfiguration;
			buildSettings = {
				ALWAYS_EMBED_SWIFT_STANDARD_LIBRARIES = YES;
				CODE_SIGN_STYLE = Automatic;
				CURRENT_PROJECT_VERSION = 1;
				GENERATE_INFOPLIST_FILE = YES;
				LD_RUNPATH_SEARCH_PATHS = (
					"$(inherited)",
					"@executable_path/Frameworks",
					"@loader_path/Frameworks",
				);
				MARKETING_VERSION = 1.0;
				PRODUCT_BUNDLE_IDENTIFIER = "edu.uvm.chore-appUITests";
				PRODUCT_NAME = "$(TARGET_NAME)";
				SWIFT_EMIT_LOC_STRINGS = NO;
				SWIFT_VERSION = 5.0;
				TARGETED_DEVICE_FAMILY = "1,2";
				TEST_TARGET_NAME = "chore-app";
			};
			name = Release;
		};
/* End XCBuildConfiguration section */

/* Begin XCConfigurationList section */
		8463EE2127344D7D00E789B6 /* Build configuration list for PBXProject "chore-app" */ = {
			isa = XCConfigurationList;
			buildConfigurations = (
				8463EE4E27344D8200E789B6 /* Debug */,
				8463EE4F27344D8200E789B6 /* Release */,
			);
			defaultConfigurationIsVisible = 0;
			defaultConfigurationName = Release;
		};
		8463EE5027344D8200E789B6 /* Build configuration list for PBXNativeTarget "chore-app" */ = {
			isa = XCConfigurationList;
			buildConfigurations = (
				8463EE5127344D8200E789B6 /* Debug */,
				8463EE5227344D8200E789B6 /* Release */,
			);
			defaultConfigurationIsVisible = 0;
			defaultConfigurationName = Release;
		};
		8463EE5327344D8200E789B6 /* Build configuration list for PBXNativeTarget "chore-appTests" */ = {
			isa = XCConfigurationList;
			buildConfigurations = (
				8463EE5427344D8200E789B6 /* Debug */,
				8463EE5527344D8200E789B6 /* Release */,
			);
			defaultConfigurationIsVisible = 0;
			defaultConfigurationName = Release;
		};
		8463EE5627344D8200E789B6 /* Build configuration list for PBXNativeTarget "chore-appUITests" */ = {
			isa = XCConfigurationList;
			buildConfigurations = (
				8463EE5727344D8200E789B6 /* Debug */,
				8463EE5827344D8200E789B6 /* Release */,
			);
			defaultConfigurationIsVisible = 0;
			defaultConfigurationName = Release;
		};
/* End XCConfigurationList section */
	};
	rootObject = 8463EE1E27344D7D00E789B6 /* Project object */;
}
